
Microsoft Visual Studio Solution File, Format Version 11.00
# Visual Studio 2010
Project("{FAE04EC0-301F-11D3-BF4B-00C04F79EFBC}") = "mahjong-unity", "Assembly-CSharp.csproj", "{76B164BE-7C2D-76B4-C03B-8C2C642DA977}"
EndProject
Project("{FAE04EC0-301F-11D3-BF4B-00C04F79EFBC}") = "mahjong-unity", "Assembly-CSharp-Editor.csproj", "{11F84790-ACE3-A0D4-1FB8-0B930785D4B1}"
EndProject
Global
	GlobalSection(SolutionConfigurationPlatforms) = preSolution
		Debug|Any CPU = Debug|Any CPU
		Release|Any CPU = Release|Any CPU
	EndGlobalSection
	GlobalSection(ProjectConfigurationPlatforms) = postSolution
		{76B164BE-7C2D-76B4-C03B-8C2C642DA977}.Debug|Any CPU.ActiveCfg = Debug|Any CPU
		{76B164BE-7C2D-76B4-C03B-8C2C642DA977}.Debug|Any CPU.Build.0 = Debug|Any CPU
		{76B164BE-7C2D-76B4-C03B-8C2C642DA977}.Release|Any CPU.ActiveCfg = Release|Any CPU
		{76B164BE-7C2D-76B4-C03B-8C2C642DA977}.Release|Any CPU.Build.0 = Release|Any CPU
		{11F84790-ACE3-A0D4-1FB8-0B930785D4B1}.Debug|Any CPU.ActiveCfg = Debug|Any CPU
		{11F84790-ACE3-A0D4-1FB8-0B930785D4B1}.Debug|Any CPU.Build.0 = Debug|Any CPU
		{11F84790-ACE3-A0D4-1FB8-0B930785D4B1}.Release|Any CPU.ActiveCfg = Release|Any CPU
		{11F84790-ACE3-A0D4-1FB8-0B930785D4B1}.Release|Any CPU.Build.0 = Release|Any CPU
	EndGlobalSection
	GlobalSection(SolutionProperties) = preSolution
		HideSolutionNode = FALSE
	EndGlobalSection
	GlobalSection(MonoDevelopProperties) = preSolution
		StartupItem = Assembly-CSharp.csproj
	EndGlobalSection
EndGlobal
